
Microsoft Visual Studio Solution File, Format Version 12.00
# Visual Studio 15
VisualStudioVersion = 15.0.28010.2048
MinimumVisualStudioVersion = 10.0.40219.1
Project("{FAE04EC0-301F-11D3-BF4B-00C04F79EFBC}") = "ConsoleApp1", "ConsoleApp1\ConsoleApp1.csproj", "{4AACDE71-768B-4AAA-A462-EFE0C5C9A245}"
EndProject
Global
	GlobalSection(SolutionConfigurationPlatforms) = preSolution
		Debug|Any CPU = Debug|Any CPU
		Release|Any CPU = Release|Any CPU
	EndGlobalSection
	GlobalSection(ProjectConfigurationPlatforms) = postSolution
		{4AACDE71-768B-4AAA-A462-EFE0C5C9A245}.Debug|Any CPU.ActiveCfg = Debug|Any CPU
		{4AACDE71-768B-4AAA-A462-EFE0C5C9A245}.Debug|Any CPU.Build.0 = Debug|Any CPU
		{4AACDE71-768B-4AAA-A462-EFE0C5C9A245}.Release|Any CPU.ActiveCfg = Release|Any CPU
		{4AACDE71-768B-4AAA-A462-EFE0C5C9A245}.Release|Any CPU.Build.0 = Release|Any CPU
	EndGlobalSection
	GlobalSection(SolutionProperties) = preSolution
		HideSolutionNode = FALSE
	EndGlobalSection
	GlobalSection(ExtensibilityGlobals) = postSolution
		SolutionGuid = {87F69754-AF52-43CD-98DE-4B90E6E85514}
	EndGlobalSection
EndGlobal
